
Microsoft Visual Studio Solution File, Format Version 12.00
# Visual Studio Version 17
VisualStudioVersion = 17.11.35222.181
MinimumVisualStudioVersion = 10.0.40219.1
Project("{FAE04EC0-301F-11D3-BF4B-00C04F79EFBC}") = "Zadanie2", "Zadanie2\Zadanie2.csproj", "{DE83F830-E18F-4BB7-A25E-683352ED9BBE}"
EndProject
Global
	GlobalSection(SolutionConfigurationPlatforms) = preSolution
		Debug|Any CPU = Debug|Any CPU
		Release|Any CPU = Release|Any CPU
	EndGlobalSection
	GlobalSection(ProjectConfigurationPlatforms) = postSolution
		{DE83F830-E18F-4BB7-A25E-683352ED9BBE}.Debug|Any CPU.ActiveCfg = Debug|Any CPU
		{DE83F830-E18F-4BB7-A25E-683352ED9BBE}.Debug|Any CPU.Build.0 = Debug|Any CPU
		{DE83F830-E18F-4BB7-A25E-683352ED9BBE}.Release|Any CPU.ActiveCfg = Release|Any CPU
		{DE83F830-E18F-4BB7-A25E-683352ED9BBE}.Release|Any CPU.Build.0 = Release|Any CPU
	EndGlobalSection
	GlobalSection(SolutionProperties) = preSolution
		HideSolutionNode = FALSE
	EndGlobalSection
	GlobalSection(ExtensibilityGlobals) = postSolution
		SolutionGuid = {540F7008-BEEC-4F62-B121-C39E831F592A}
	EndGlobalSection
EndGlobal
